
Microsoft Visual Studio Solution File, Format Version 12.00
# Visual Studio Version 16
VisualStudioVersion = 16.0.810.23
MinimumVisualStudioVersion = 10.0.40219.1
Project("{FAE04EC0-301F-11D3-BF4B-00C04F79EFBC}") = "Arsh", "Arsh\Arsh.csproj", "{1DC6C3CF-72E3-42F8-92B0-2C3E19495DA1}"
EndProject
Global
	GlobalSection(SolutionConfigurationPlatforms) = preSolution
		Debug|Any CPU = Debug|Any CPU
		Release|Any CPU = Release|Any CPU
	EndGlobalSection
	GlobalSection(ProjectConfigurationPlatforms) = postSolution
		{1DC6C3CF-72E3-42F8-92B0-2C3E19495DA1}.Debug|Any CPU.ActiveCfg = Debug|Any CPU
		{1DC6C3CF-72E3-42F8-92B0-2C3E19495DA1}.Debug|Any CPU.Build.0 = Debug|Any CPU
		{1DC6C3CF-72E3-42F8-92B0-2C3E19495DA1}.Release|Any CPU.ActiveCfg = Release|Any CPU
		{1DC6C3CF-72E3-42F8-92B0-2C3E19495DA1}.Release|Any CPU.Build.0 = Release|Any CPU
	EndGlobalSection
	GlobalSection(SolutionProperties) = preSolution
		HideSolutionNode = FALSE
	EndGlobalSection
	GlobalSection(ExtensibilityGlobals) = postSolution
		SolutionGuid = {E4086E5C-58A0-4D1A-9E0A-882BB6C08E63}
	EndGlobalSection
EndGlobal
